
Microsoft Visual Studio Solution File, Format Version 12.00
# Visual Studio Version 16
VisualStudioVersion = 16.0.30517.126
MinimumVisualStudioVersion = 10.0.40219.1
Project("{FAE04EC0-301F-11D3-BF4B-00C04F79EFBC}") = "IOOP Assignment - Car Insurance Management System", "IOOP Assignment - Car Insurance Management System.csproj", "{13061710-905A-4403-A795-10227468A5EF}"
EndProject
Global
	GlobalSection(SolutionConfigurationPlatforms) = preSolution
		Debug|Any CPU = Debug|Any CPU
		Release|Any CPU = Release|Any CPU
	EndGlobalSection
	GlobalSection(ProjectConfigurationPlatforms) = postSolution
		{13061710-905A-4403-A795-10227468A5EF}.Debug|Any CPU.ActiveCfg = Debug|Any CPU
		{13061710-905A-4403-A795-10227468A5EF}.Debug|Any CPU.Build.0 = Debug|Any CPU
		{13061710-905A-4403-A795-10227468A5EF}.Release|Any CPU.ActiveCfg = Release|Any CPU
		{13061710-905A-4403-A795-10227468A5EF}.Release|Any CPU.Build.0 = Release|Any CPU
	EndGlobalSection
	GlobalSection(SolutionProperties) = preSolution
		HideSolutionNode = FALSE
	EndGlobalSection
	GlobalSection(ExtensibilityGlobals) = postSolution
		SolutionGuid = {11259C2B-F879-4CED-933E-A91057CAE118}
	EndGlobalSection
EndGlobal
